
Microsoft Visual Studio Solution File, Format Version 12.00
# Visual Studio 14
VisualStudioVersion = 14.0.25123.0
MinimumVisualStudioVersion = 10.0.40219.1
Project("{FAE04EC0-301F-11D3-BF4B-00C04F79EFBC}") = "MemoryDB.Core", "src\MemoryDB.Core\MemoryDB.Core.csproj", "{4E703426-694B-4EBF-8056-7D76474855E1}"
EndProject
Project("{FAE04EC0-301F-11D3-BF4B-00C04F79EFBC}") = "MemoryDB.SqlServer", "src\MemoryDB.SqlServer\MemoryDB.SqlServer.csproj", "{D7C8A864-D9E9-4EEC-A238-40D5D4409A32}"
EndProject
Project("{FAE04EC0-301F-11D3-BF4B-00C04F79EFBC}") = "MemoryDB.SqlServer.Test", "tests\MemoryDB.SqlServer.Test\MemoryDB.SqlServer.Test.csproj", "{C1749CB0-9CFB-4D37-B8C0-EDE5AEE7328D}"
EndProject
Project("{2150E333-8FDC-42A3-9474-1A3956D46DE8}") = "Examples", "Examples", "{C9CD9F9B-CF56-4181-A2AC-1BF831F0F806}"
EndProject
Project("{FAE04EC0-301F-11D3-BF4B-00C04F79EFBC}") = "MemoryDB.ConsoleExample", "examples\MemoryDB.ConsoleExample\MemoryDB.ConsoleExample.csproj", "{CA37117F-39EE-470E-B424-8264CD6F5E8C}"
EndProject
Global
	GlobalSection(SolutionConfigurationPlatforms) = preSolution
		Debug|Any CPU = Debug|Any CPU
		Release|Any CPU = Release|Any CPU
	EndGlobalSection
	GlobalSection(ProjectConfigurationPlatforms) = postSolution
		{4E703426-694B-4EBF-8056-7D76474855E1}.Debug|Any CPU.ActiveCfg = Debug|Any CPU
		{4E703426-694B-4EBF-8056-7D76474855E1}.Debug|Any CPU.Build.0 = Debug|Any CPU
		{4E703426-694B-4EBF-8056-7D76474855E1}.Release|Any CPU.ActiveCfg = Release|Any CPU
		{4E703426-694B-4EBF-8056-7D76474855E1}.Release|Any CPU.Build.0 = Release|Any CPU
		{D7C8A864-D9E9-4EEC-A238-40D5D4409A32}.Debug|Any CPU.ActiveCfg = Debug|Any CPU
		{D7C8A864-D9E9-4EEC-A238-40D5D4409A32}.Debug|Any CPU.Build.0 = Debug|Any CPU
		{D7C8A864-D9E9-4EEC-A238-40D5D4409A32}.Release|Any CPU.ActiveCfg = Release|Any CPU
		{D7C8A864-D9E9-4EEC-A238-40D5D4409A32}.Release|Any CPU.Build.0 = Release|Any CPU
		{C1749CB0-9CFB-4D37-B8C0-EDE5AEE7328D}.Debug|Any CPU.ActiveCfg = Debug|Any CPU
		{C1749CB0-9CFB-4D37-B8C0-EDE5AEE7328D}.Debug|Any CPU.Build.0 = Debug|Any CPU
		{C1749CB0-9CFB-4D37-B8C0-EDE5AEE7328D}.Release|Any CPU.ActiveCfg = Release|Any CPU
		{C1749CB0-9CFB-4D37-B8C0-EDE5AEE7328D}.Release|Any CPU.Build.0 = Release|Any CPU
		{CA37117F-39EE-470E-B424-8264CD6F5E8C}.Debug|Any CPU.ActiveCfg = Debug|Any CPU
		{CA37117F-39EE-470E-B424-8264CD6F5E8C}.Debug|Any CPU.Build.0 = Debug|Any CPU
		{CA37117F-39EE-470E-B424-8264CD6F5E8C}.Release|Any CPU.ActiveCfg = Release|Any CPU
		{CA37117F-39EE-470E-B424-8264CD6F5E8C}.Release|Any CPU.Build.0 = Release|Any CPU
	EndGlobalSection
	GlobalSection(SolutionProperties) = preSolution
		HideSolutionNode = FALSE
	EndGlobalSection
	GlobalSection(NestedProjects) = preSolution
		{CA37117F-39EE-470E-B424-8264CD6F5E8C} = {C9CD9F9B-CF56-4181-A2AC-1BF831F0F806}
	EndGlobalSection
EndGlobal
